
Microsoft Visual Studio Solution File, Format Version 12.00
# Visual Studio Version 17
VisualStudioVersion = 17.14.37502.11
MinimumVisualStudioVersion = 10.0.40219.1
Project("{FAE04EC0-301F-11D3-BF4B-00C04F79EFBC}") = "PromotionsCRM", "PromotionsCRM\PromotionsCRM.csproj", "{5B0F15A2-C0D0-420C-ACB9-41BBE80AABC9}"
EndProject
Project("{FAE04EC0-301F-11D3-BF4B-00C04F79EFBC}") = "PromotionsCRM.Web", "PromotionsCRM.Web\PromotionsCRM.Web.csproj", "{DE5EB1D9-FEEB-B9AD-3F78-C93F50B66B6F}"
EndProject
Global
	GlobalSection(SolutionConfigurationPlatforms) = preSolution
		Debug|Any CPU = Debug|Any CPU
		Release|Any CPU = Release|Any CPU
	EndGlobalSection
	GlobalSection(ProjectConfigurationPlatforms) = postSolution
		{5B0F15A2-C0D0-420C-ACB9-41BBE80AABC9}.Debug|Any CPU.ActiveCfg = Debug|Any CPU
		{5B0F15A2-C0D0-420C-ACB9-41BBE80AABC9}.Debug|Any CPU.Build.0 = Debug|Any CPU
		{5B0F15A2-C0D0-420C-ACB9-41BBE80AABC9}.Release|Any CPU.ActiveCfg = Release|Any CPU
		{5B0F15A2-C0D0-420C-ACB9-41BBE80AABC9}.Release|Any CPU.Build.0 = Release|Any CPU
		{DE5EB1D9-FEEB-B9AD-3F78-C93F50B66B6F}.Debug|Any CPU.ActiveCfg = Debug|Any CPU
		{DE5EB1D9-FEEB-B9AD-3F78-C93F50B66B6F}.Debug|Any CPU.Build.0 = Debug|Any CPU
		{DE5EB1D9-FEEB-B9AD-3F78-C93F50B66B6F}.Release|Any CPU.ActiveCfg = Release|Any CPU
		{DE5EB1D9-FEEB-B9AD-3F78-C93F50B66B6F}.Release|Any CPU.Build.0 = Release|Any CPU
	EndGlobalSection
	GlobalSection(SolutionProperties) = preSolution
		HideSolutionNode = FALSE
	EndGlobalSection
	GlobalSection(ExtensibilityGlobals) = postSolution
		SolutionGuid = {98F30C24-4E30-48D8-868B-7BD3E4400B74}
	EndGlobalSection
EndGlobal
